
Microsoft Visual Studio Solution File, Format Version 12.00
# Visual Studio Version 17
VisualStudioVersion = 17.11.35208.52
MinimumVisualStudioVersion = 10.0.40219.1
Project("{FAE04EC0-301F-11D3-BF4B-00C04F79EFBC}") = "BmiTester", "BmiTester\BmiTester.csproj", "{BEB696D5-0263-411F-905D-8020D2B3B514}"
EndProject
Project("{FAE04EC0-301F-11D3-BF4B-00C04F79EFBC}") = "Bmi", "Bmi\Bmi.csproj", "{AE931439-D40C-4057-B5FB-95AE982A434B}"
EndProject
Global
	GlobalSection(SolutionConfigurationPlatforms) = preSolution
		Debug|Any CPU = Debug|Any CPU
		Release|Any CPU = Release|Any CPU
	EndGlobalSection
	GlobalSection(ProjectConfigurationPlatforms) = postSolution
		{BEB696D5-0263-411F-905D-8020D2B3B514}.Debug|Any CPU.ActiveCfg = Debug|Any CPU
		{BEB696D5-0263-411F-905D-8020D2B3B514}.Debug|Any CPU.Build.0 = Debug|Any CPU
		{BEB696D5-0263-411F-905D-8020D2B3B514}.Release|Any CPU.ActiveCfg = Release|Any CPU
		{BEB696D5-0263-411F-905D-8020D2B3B514}.Release|Any CPU.Build.0 = Release|Any CPU
		{AE931439-D40C-4057-B5FB-95AE982A434B}.Debug|Any CPU.ActiveCfg = Debug|Any CPU
		{AE931439-D40C-4057-B5FB-95AE982A434B}.Debug|Any CPU.Build.0 = Debug|Any CPU
		{AE931439-D40C-4057-B5FB-95AE982A434B}.Release|Any CPU.ActiveCfg = Release|Any CPU
		{AE931439-D40C-4057-B5FB-95AE982A434B}.Release|Any CPU.Build.0 = Release|Any CPU
	EndGlobalSection
	GlobalSection(SolutionProperties) = preSolution
		HideSolutionNode = FALSE
	EndGlobalSection
	GlobalSection(ExtensibilityGlobals) = postSolution
		SolutionGuid = {C8623C7E-7055-4F58-9E62-70BED85BF77B}
	EndGlobalSection
EndGlobal
