
Microsoft Visual Studio Solution File, Format Version 12.00
# Visual Studio Version 17
VisualStudioVersion = 17.11.35222.181
MinimumVisualStudioVersion = 10.0.40219.1
Project("{9A19103F-16F7-4668-BE54-9A1E7A4F7556}") = "StudentTester", "StudentTester\StudentTester.csproj", "{815F68E4-4F4C-4895-B037-BD338D17AE76}"
EndProject
Project("{9A19103F-16F7-4668-BE54-9A1E7A4F7556}") = "StudentTesterV2", "StudentTesterV2\StudentTesterV2.csproj", "{2262AF06-F035-4788-B5DE-779BB2917442}"
EndProject
Project("{FAE04EC0-301F-11D3-BF4B-00C04F79EFBC}") = "StudentTesterV3", "StudentTesterV3\StudentTesterV3.csproj", "{1A70A2CA-F648-4CD0-9DE3-C586567C8C6F}"
EndProject
Global
	GlobalSection(SolutionConfigurationPlatforms) = preSolution
		Debug|Any CPU = Debug|Any CPU
		Release|Any CPU = Release|Any CPU
	EndGlobalSection
	GlobalSection(ProjectConfigurationPlatforms) = postSolution
		{815F68E4-4F4C-4895-B037-BD338D17AE76}.Debug|Any CPU.ActiveCfg = Debug|Any CPU
		{815F68E4-4F4C-4895-B037-BD338D17AE76}.Debug|Any CPU.Build.0 = Debug|Any CPU
		{815F68E4-4F4C-4895-B037-BD338D17AE76}.Release|Any CPU.ActiveCfg = Release|Any CPU
		{815F68E4-4F4C-4895-B037-BD338D17AE76}.Release|Any CPU.Build.0 = Release|Any CPU
		{2262AF06-F035-4788-B5DE-779BB2917442}.Debug|Any CPU.ActiveCfg = Debug|Any CPU
		{2262AF06-F035-4788-B5DE-779BB2917442}.Debug|Any CPU.Build.0 = Debug|Any CPU
		{2262AF06-F035-4788-B5DE-779BB2917442}.Release|Any CPU.ActiveCfg = Release|Any CPU
		{2262AF06-F035-4788-B5DE-779BB2917442}.Release|Any CPU.Build.0 = Release|Any CPU
		{1A70A2CA-F648-4CD0-9DE3-C586567C8C6F}.Debug|Any CPU.ActiveCfg = Debug|Any CPU
		{1A70A2CA-F648-4CD0-9DE3-C586567C8C6F}.Debug|Any CPU.Build.0 = Debug|Any CPU
		{1A70A2CA-F648-4CD0-9DE3-C586567C8C6F}.Release|Any CPU.ActiveCfg = Release|Any CPU
		{1A70A2CA-F648-4CD0-9DE3-C586567C8C6F}.Release|Any CPU.Build.0 = Release|Any CPU
	EndGlobalSection
	GlobalSection(SolutionProperties) = preSolution
		HideSolutionNode = FALSE
	EndGlobalSection
	GlobalSection(ExtensibilityGlobals) = postSolution
		SolutionGuid = {AF6BEAC3-2A7F-43AD-A062-7E25F44E29D1}
	EndGlobalSection
EndGlobal
