
Microsoft Visual Studio Solution File, Format Version 12.00
# Visual Studio Version 17
VisualStudioVersion = 17.11.35208.52
MinimumVisualStudioVersion = 10.0.40219.1
Project("{FAE04EC0-301F-11D3-BF4B-00C04F79EFBC}") = "PrimitiveList", "PrimitiveList\PrimitiveList.csproj", "{2E11CC1D-21BD-49BF-A7D5-7818C39DD18C}"
EndProject
Global
	GlobalSection(SolutionConfigurationPlatforms) = preSolution
		Debug|Any CPU = Debug|Any CPU
		Release|Any CPU = Release|Any CPU
	EndGlobalSection
	GlobalSection(ProjectConfigurationPlatforms) = postSolution
		{2E11CC1D-21BD-49BF-A7D5-7818C39DD18C}.Debug|Any CPU.ActiveCfg = Debug|Any CPU
		{2E11CC1D-21BD-49BF-A7D5-7818C39DD18C}.Debug|Any CPU.Build.0 = Debug|Any CPU
		{2E11CC1D-21BD-49BF-A7D5-7818C39DD18C}.Release|Any CPU.ActiveCfg = Release|Any CPU
		{2E11CC1D-21BD-49BF-A7D5-7818C39DD18C}.Release|Any CPU.Build.0 = Release|Any CPU
	EndGlobalSection
	GlobalSection(SolutionProperties) = preSolution
		HideSolutionNode = FALSE
	EndGlobalSection
	GlobalSection(ExtensibilityGlobals) = postSolution
		SolutionGuid = {38661881-AC60-4466-BC66-E6D4E9675111}
	EndGlobalSection
EndGlobal
