
Microsoft Visual Studio Solution File, Format Version 12.00
# Visual Studio Version 17
VisualStudioVersion = 17.11.35208.52
MinimumVisualStudioVersion = 10.0.40219.1
Project("{FAE04EC0-301F-11D3-BF4B-00C04F79EFBC}") = "Poems", "Poems\Poems.csproj", "{DA428295-35AD-4593-BDC0-BD145A2883A6}"
EndProject
Project("{FAE04EC0-301F-11D3-BF4B-00C04F79EFBC}") = "Musics", "Musics\Musics.csproj", "{70423382-DDB4-4560-BD27-3E54C69BF1B8}"
EndProject
Global
	GlobalSection(SolutionConfigurationPlatforms) = preSolution
		Debug|Any CPU = Debug|Any CPU
		Release|Any CPU = Release|Any CPU
	EndGlobalSection
	GlobalSection(ProjectConfigurationPlatforms) = postSolution
		{DA428295-35AD-4593-BDC0-BD145A2883A6}.Debug|Any CPU.ActiveCfg = Debug|Any CPU
		{DA428295-35AD-4593-BDC0-BD145A2883A6}.Debug|Any CPU.Build.0 = Debug|Any CPU
		{DA428295-35AD-4593-BDC0-BD145A2883A6}.Release|Any CPU.ActiveCfg = Release|Any CPU
		{DA428295-35AD-4593-BDC0-BD145A2883A6}.Release|Any CPU.Build.0 = Release|Any CPU
		{70423382-DDB4-4560-BD27-3E54C69BF1B8}.Debug|Any CPU.ActiveCfg = Debug|Any CPU
		{70423382-DDB4-4560-BD27-3E54C69BF1B8}.Debug|Any CPU.Build.0 = Debug|Any CPU
		{70423382-DDB4-4560-BD27-3E54C69BF1B8}.Release|Any CPU.ActiveCfg = Release|Any CPU
		{70423382-DDB4-4560-BD27-3E54C69BF1B8}.Release|Any CPU.Build.0 = Release|Any CPU
	EndGlobalSection
	GlobalSection(SolutionProperties) = preSolution
		HideSolutionNode = FALSE
	EndGlobalSection
	GlobalSection(ExtensibilityGlobals) = postSolution
		SolutionGuid = {E4E0904C-0C9F-4F4D-A1DC-6AA950E699F8}
	EndGlobalSection
EndGlobal
